
Microsoft Visual Studio Solution File, Format Version 12.00
# Visual Studio Version 16
VisualStudioVersion = 16.0.29306.81
MinimumVisualStudioVersion = 10.0.40219.1
Project("{FAE04EC0-301F-11D3-BF4B-00C04F79EFBC}") = "StateTrafficInspectorate", "StateTrafficInspectorate\StateTrafficInspectorate.csproj", "{075E5EAB-34A3-4889-8957-204C2BCF7798}"
EndProject
Project("{FAE04EC0-301F-11D3-BF4B-00C04F79EFBC}") = "DataBase", "DataBase\DataBase.csproj", "{C6D4C714-8779-48EB-BFBC-DF547E96CA0C}"
EndProject
Project("{FAE04EC0-301F-11D3-BF4B-00C04F79EFBC}") = "Logic", "Logic\Logic.csproj", "{30078C38-9634-48E6-BC4A-85DFFD0D6FF0}"
EndProject
Global
	GlobalSection(SolutionConfigurationPlatforms) = preSolution
		Debug|Any CPU = Debug|Any CPU
		Release|Any CPU = Release|Any CPU
	EndGlobalSection
	GlobalSection(ProjectConfigurationPlatforms) = postSolution
		{075E5EAB-34A3-4889-8957-204C2BCF7798}.Debug|Any CPU.ActiveCfg = Debug|Any CPU
		{075E5EAB-34A3-4889-8957-204C2BCF7798}.Debug|Any CPU.Build.0 = Debug|Any CPU
		{075E5EAB-34A3-4889-8957-204C2BCF7798}.Release|Any CPU.ActiveCfg = Release|Any CPU
		{075E5EAB-34A3-4889-8957-204C2BCF7798}.Release|Any CPU.Build.0 = Release|Any CPU
		{C6D4C714-8779-48EB-BFBC-DF547E96CA0C}.Debug|Any CPU.ActiveCfg = Debug|Any CPU
		{C6D4C714-8779-48EB-BFBC-DF547E96CA0C}.Debug|Any CPU.Build.0 = Debug|Any CPU
		{C6D4C714-8779-48EB-BFBC-DF547E96CA0C}.Release|Any CPU.ActiveCfg = Release|Any CPU
		{C6D4C714-8779-48EB-BFBC-DF547E96CA0C}.Release|Any CPU.Build.0 = Release|Any CPU
		{30078C38-9634-48E6-BC4A-85DFFD0D6FF0}.Debug|Any CPU.ActiveCfg = Debug|Any CPU
		{30078C38-9634-48E6-BC4A-85DFFD0D6FF0}.Debug|Any CPU.Build.0 = Debug|Any CPU
		{30078C38-9634-48E6-BC4A-85DFFD0D6FF0}.Release|Any CPU.ActiveCfg = Release|Any CPU
		{30078C38-9634-48E6-BC4A-85DFFD0D6FF0}.Release|Any CPU.Build.0 = Release|Any CPU
	EndGlobalSection
	GlobalSection(SolutionProperties) = preSolution
		HideSolutionNode = FALSE
	EndGlobalSection
	GlobalSection(ExtensibilityGlobals) = postSolution
		SolutionGuid = {9583BEB3-0265-4FE1-ADA2-82D3921AD4C0}
	EndGlobalSection
EndGlobal
